
Microsoft Visual Studio Solution File, Format Version 12.00
# Visual Studio 2017
Project("{FAE04EC0-301F-11D3-BF4B-00C04F79EFBC}") = "RockNRoller2.Plugins", "RockNRoller2.Plugins.csproj", "{078C1725-1B15-6E21-2132-4120F606E41F}"
EndProject
Project("{FAE04EC0-301F-11D3-BF4B-00C04F79EFBC}") = "RockNRoller2", "RockNRoller2.csproj", "{9D1DA515-8763-8359-95F2-5CA84442A9A2}"
EndProject
Global
	GlobalSection(SolutionConfigurationPlatforms) = preSolution
		Debug|Any CPU = Debug|Any CPU
		Release|Any CPU = Release|Any CPU
	EndGlobalSection
	GlobalSection(ProjectConfigurationPlatforms) = postSolution
		{078C1725-1B15-6E21-2132-4120F606E41F}.Debug|Any CPU.ActiveCfg = Debug|Any CPU
		{078C1725-1B15-6E21-2132-4120F606E41F}.Debug|Any CPU.Build.0 = Debug|Any CPU
		{078C1725-1B15-6E21-2132-4120F606E41F}.Release|Any CPU.ActiveCfg = Release|Any CPU
		{078C1725-1B15-6E21-2132-4120F606E41F}.Release|Any CPU.Build.0 = Release|Any CPU
		{9D1DA515-8763-8359-95F2-5CA84442A9A2}.Debug|Any CPU.ActiveCfg = Debug|Any CPU
		{9D1DA515-8763-8359-95F2-5CA84442A9A2}.Debug|Any CPU.Build.0 = Debug|Any CPU
		{9D1DA515-8763-8359-95F2-5CA84442A9A2}.Release|Any CPU.ActiveCfg = Release|Any CPU
		{9D1DA515-8763-8359-95F2-5CA84442A9A2}.Release|Any CPU.Build.0 = Release|Any CPU
	EndGlobalSection
	GlobalSection(SolutionProperties) = preSolution
		HideSolutionNode = FALSE
	EndGlobalSection
EndGlobal
